
Microsoft Visual Studio Solution File, Format Version 12.00
# Visual Studio 15
VisualStudioVersion = 15.0.27703.2035
MinimumVisualStudioVersion = 10.0.40219.1
Project("{FAE04EC0-301F-11D3-BF4B-00C04F79EFBC}") = "KinectSetupDev", "KinectSetupDev\KinectSetupDev.csproj", "{355E6F27-5E25-41C3-9E61-B01CA9192A4B}"
EndProject
Project("{FAE04EC0-301F-11D3-BF4B-00C04F79EFBC}") = "Microsoft.Samples.Kinect.WpfViewers", "..\..\..\Desktop\KinectforWindowsSDKV1\Dependencies\KinectWpfViewers\Microsoft.Samples.Kinect.WpfViewers.csproj", "{4DE23893-27E7-423F-9BB6-BA21DAC2C45E}"
EndProject
Global
	GlobalSection(SolutionConfigurationPlatforms) = preSolution
		Debug|Any CPU = Debug|Any CPU
		Release|Any CPU = Release|Any CPU
	EndGlobalSection
	GlobalSection(ProjectConfigurationPlatforms) = postSolution
		{355E6F27-5E25-41C3-9E61-B01CA9192A4B}.Debug|Any CPU.ActiveCfg = Debug|Any CPU
		{355E6F27-5E25-41C3-9E61-B01CA9192A4B}.Debug|Any CPU.Build.0 = Debug|Any CPU
		{355E6F27-5E25-41C3-9E61-B01CA9192A4B}.Release|Any CPU.ActiveCfg = Release|Any CPU
		{355E6F27-5E25-41C3-9E61-B01CA9192A4B}.Release|Any CPU.Build.0 = Release|Any CPU
		{4DE23893-27E7-423F-9BB6-BA21DAC2C45E}.Debug|Any CPU.ActiveCfg = Debug|Any CPU
		{4DE23893-27E7-423F-9BB6-BA21DAC2C45E}.Debug|Any CPU.Build.0 = Debug|Any CPU
		{4DE23893-27E7-423F-9BB6-BA21DAC2C45E}.Release|Any CPU.ActiveCfg = Release|Any CPU
		{4DE23893-27E7-423F-9BB6-BA21DAC2C45E}.Release|Any CPU.Build.0 = Release|Any CPU
	EndGlobalSection
	GlobalSection(SolutionProperties) = preSolution
		HideSolutionNode = FALSE
	EndGlobalSection
	GlobalSection(ExtensibilityGlobals) = postSolution
		SolutionGuid = {8037A48D-8F96-412B-BDCE-BE0C5E3A2735}
	EndGlobalSection
EndGlobal
